{
  "lockfileVersion": 1,
  "configVersion": 1,
  "workspaces": {
    "": {
      "name": "journal-viewer",
      "dependencies": {
        "marked": "18.0.14",
      },
    },
  },
  "packages": {
    "marked": ["marked@18.0.14", "", { "bin": { "marked": "bin/marked.js" } }, "sha512-mBHK6FBHuBAlhgRe88w9F0O1AbwwXJUcQibUbC/QcdTbVGAD7aWza+xt3N6oT/jCZx3/OMeS+8rnuiHZcQ9s7A=="],
  }
}
