{
  "lockfileVersion": 1,
  "configVersion": 1,
  "workspaces": {
    "": {
      "name": "journal-viewer",
      "dependencies": {
        "marked": "18.0.13",
      },
    },
  },
  "packages": {
    "marked": ["marked@18.0.13", "", { "bin": { "marked": "bin/marked.js" } }, "sha512-xTxVzZsBFwunP6HDmtBkabUQEYArnP7/rMDGmPj9SlrKlQ4i8MdYVow+nJL0eOqwpUqhzBoTBRADGN6uYwPyOw=="],
  }
}
